{
  "lockfile_version": "1",
  "packages": {
    "beam28Packages.elixir_1_19@latest": {
      "last_modified": "2026-01-23T17:20:52Z",
      "resolved": "github:NixOS/nixpkgs/a1bab9e494f5f4939442a57a58d0449a109593fe#beam28Packages.elixir_1_19",
      "source": "devbox-search",
      "version": "1.19.5",
      "systems": {
        "aarch64-darwin": {
          "outputs": [
            {
              "name": "out",
              "path": "/nix/store/dj7x9xdf40pgq1dw5cymm9sz7irh7rax-elixir-1.19.5",
              "default": true
            }
          ],
          "store_path": "/nix/store/dj7x9xdf40pgq1dw5cymm9sz7irh7rax-elixir-1.19.5"
        },
        "aarch64-linux": {
          "outputs": [
            {
              "name": "out",
              "path": "/nix/store/kzj2yajrj8q9lch8w82y5b5w0dmrm5va-elixir-1.19.5",
              "default": true
            }
          ],
          "store_path": "/nix/store/kzj2yajrj8q9lch8w82y5b5w0dmrm5va-elixir-1.19.5"
        },
        "x86_64-darwin": {
          "outputs": [
            {
              "name": "out",
              "path": "/nix/store/i393swhvgx2795asz50y43mamhc2kyv9-elixir-1.19.5",
              "default": true
            }
          ],
          "store_path": "/nix/store/i393swhvgx2795asz50y43mamhc2kyv9-elixir-1.19.5"
        },
        "x86_64-linux": {
          "outputs": [
            {
              "name": "out",
              "path": "/nix/store/iqc2jyh602php9bhy28qi01gk6w0sgb3-elixir-1.19.5",
              "default": true
            }
          ],
          "store_path": "/nix/store/iqc2jyh602php9bhy28qi01gk6w0sgb3-elixir-1.19.5"
        }
      }
    },
    "github:NixOS/nixpkgs/nixpkgs-unstable": {
      "last_modified": "2026-02-11T21:01:36Z",
      "resolved": "github:NixOS/nixpkgs/2343bbb58f99267223bc2aac4fc9ea301a155a16?lastModified=1770843696"
    }
  }
}
